
Microsoft Visual Studio Solution File, Format Version 12.00
# Visual Studio Version 17
VisualStudioVersion = 17.3.32819.101
MinimumVisualStudioVersion = 10.0.40219.1
Project("{9A19103F-16F7-4668-BE54-9A1E7A4F7556}") = "YallaBaity", "YallaBaity\YallaBaity.csproj", "{9632E59B-EA23-4B3A-9F75-2A1C179F7D68}"
EndProject
Project("{FAE04EC0-301F-11D3-BF4B-00C04F79EFBC}") = "YallaBaity.Test", "YallaBaity.Test\YallaBaity.Test.csproj", "{47A1F8AF-6A7E-4452-BF98-230582EADEE5}"
EndProject
Global
	GlobalSection(SolutionConfigurationPlatforms) = preSolution
		Debug|Any CPU = Debug|Any CPU
		Release|Any CPU = Release|Any CPU
	EndGlobalSection
	GlobalSection(ProjectConfigurationPlatforms) = postSolution
		{9632E59B-EA23-4B3A-9F75-2A1C179F7D68}.Debug|Any CPU.ActiveCfg = Debug|Any CPU
		{9632E59B-EA23-4B3A-9F75-2A1C179F7D68}.Debug|Any CPU.Build.0 = Debug|Any CPU
		{9632E59B-EA23-4B3A-9F75-2A1C179F7D68}.Release|Any CPU.ActiveCfg = Release|Any CPU
		{9632E59B-EA23-4B3A-9F75-2A1C179F7D68}.Release|Any CPU.Build.0 = Release|Any CPU
		{47A1F8AF-6A7E-4452-BF98-230582EADEE5}.Debug|Any CPU.ActiveCfg = Debug|Any CPU
		{47A1F8AF-6A7E-4452-BF98-230582EADEE5}.Debug|Any CPU.Build.0 = Debug|Any CPU
		{47A1F8AF-6A7E-4452-BF98-230582EADEE5}.Release|Any CPU.ActiveCfg = Release|Any CPU
		{47A1F8AF-6A7E-4452-BF98-230582EADEE5}.Release|Any CPU.Build.0 = Release|Any CPU
	EndGlobalSection
	GlobalSection(SolutionProperties) = preSolution
		HideSolutionNode = FALSE
	EndGlobalSection
	GlobalSection(ExtensibilityGlobals) = postSolution
		SolutionGuid = {0C7FA18E-3455-4690-8DDD-59D10ED6F05C}
	EndGlobalSection
EndGlobal
